// !$*UTF8*$!
{ archiveVersion = 1; classes = {}; objectVersion = 60; objects = {
EC7DCD7C9562881A771DE0E6 = { isa = PBXFileReference; lastKnownFileType = sourcecode.swift; path = "Sources/CircuitCore/CircuitikZ.swift"; sourceTree = SOURCE_ROOT; };
AC53EC905D0412A08A14C9F2 = { isa = PBXFileReference; lastKnownFileType = sourcecode.swift; path = "Sources/CircuitCore/Connectivity.swift"; sourceTree = SOURCE_ROOT; };
92B76311FF3F0934F12F079C = { isa = PBXFileReference; lastKnownFileType = sourcecode.swift; path = "Sources/CircuitCore/EmbeddedSpice.swift"; sourceTree = SOURCE_ROOT; };
FE6D3113F3D5C9A6FA615AD9 = { isa = PBXFileReference; lastKnownFileType = sourcecode.swift; path = "Sources/CircuitCore/Export.swift"; sourceTree = SOURCE_ROOT; };
993521C12116BF32C1135F37 = { isa = PBXFileReference; lastKnownFileType = sourcecode.swift; path = "Sources/CircuitCore/Figures.swift"; sourceTree = SOURCE_ROOT; };
CADD910906EB2A0E8089419F = { isa = PBXFileReference; lastKnownFileType = sourcecode.swift; path = "Sources/CircuitCore/Geometry.swift"; sourceTree = SOURCE_ROOT; };
4D1C7D5226CF836A595AAED8 = { isa = PBXFileReference; lastKnownFileType = sourcecode.swift; path = "Sources/CircuitCore/Models.swift"; sourceTree = SOURCE_ROOT; };
E624C089E16AB9A654BC4A20 = { isa = PBXFileReference; lastKnownFileType = sourcecode.swift; path = "Sources/CircuitCore/Netlist.swift"; sourceTree = SOURCE_ROOT; };
1DEB74E872C0B276FAF1F219 = { isa = PBXFileReference; lastKnownFileType = sourcecode.swift; path = "Sources/CircuitCore/PaperExamples.swift"; sourceTree = SOURCE_ROOT; };
289A1327CB7F20A36A42A88F = { isa = PBXFileReference; lastKnownFileType = sourcecode.swift; path = "Sources/CircuitCore/Simulation.swift"; sourceTree = SOURCE_ROOT; };
1560EA5F5B349C4725B85BAD = { isa = PBXFileReference; lastKnownFileType = sourcecode.swift; path = "Sources/CircuitCore/Symbols.swift"; sourceTree = SOURCE_ROOT; };
9A42E9A5DD5C87544D2A32E3 = { isa = PBXFileReference; lastKnownFileType = sourcecode.swift; path = "Sources/CircuitCore/Templates.swift"; sourceTree = SOURCE_ROOT; };
FE6F605D12BFF90BCB7E6115 = { isa = PBXFileReference; lastKnownFileType = sourcecode.swift; path = "Sources/CircuitCore/Units.swift"; sourceTree = SOURCE_ROOT; };
AAAF690368539242FE66D0E0 = { isa = PBXFileReference; lastKnownFileType = sourcecode.swift; path = "Sources/CircuitStudio/AppUpdater.swift"; sourceTree = SOURCE_ROOT; };
B486017528EE1B67DAA61BB0 = { isa = PBXFileReference; lastKnownFileType = sourcecode.swift; path = "Sources/CircuitStudio/CommandPalette.swift"; sourceTree = SOURCE_ROOT; };
8831A84DEBC87193846780D6 = { isa = PBXFileReference; lastKnownFileType = sourcecode.swift; path = "Sources/CircuitStudio/Documents.swift"; sourceTree = SOURCE_ROOT; };
9E23475D4800A5F2970CE802 = { isa = PBXFileReference; lastKnownFileType = sourcecode.swift; path = "Sources/CircuitStudio/EditorStore.swift"; sourceTree = SOURCE_ROOT; };
A4CC52DB0B3BD7531DCB5A11 = { isa = PBXFileReference; lastKnownFileType = sourcecode.swift; path = "Sources/CircuitStudio/ExportView.swift"; sourceTree = SOURCE_ROOT; };
6729C486AA5FBD9FD5443565 = { isa = PBXFileReference; lastKnownFileType = sourcecode.swift; path = "Sources/CircuitStudio/FigureInspector.swift"; sourceTree = SOURCE_ROOT; };
841EBBC5E07B9EA05E82D652 = { isa = PBXFileReference; lastKnownFileType = sourcecode.swift; path = "Sources/CircuitStudio/InspectorView.swift"; sourceTree = SOURCE_ROOT; };
42FC101872BD9F654B7D6F6E = { isa = PBXFileReference; lastKnownFileType = sourcecode.swift; path = "Sources/CircuitStudio/LibraryView.swift"; sourceTree = SOURCE_ROOT; };
02BCEC8AB9168029677A1D96 = { isa = PBXFileReference; lastKnownFileType = sourcecode.swift; path = "Sources/CircuitStudio/NativeCanvas.swift"; sourceTree = SOURCE_ROOT; };
1950ABD8B1297C939EE3410C = { isa = PBXFileReference; lastKnownFileType = sourcecode.swift; path = "Sources/CircuitStudio/PreviewApp.swift"; sourceTree = SOURCE_ROOT; };
F0D7F39006B1A2C17C2D075B = { isa = PBXFileReference; lastKnownFileType = sourcecode.swift; path = "Sources/CircuitStudio/PrivacyView.swift"; sourceTree = SOURCE_ROOT; };
F0EF9D102ED0E8AB39118F6C = { isa = PBXFileReference; lastKnownFileType = sourcecode.swift; path = "Sources/CircuitStudio/SimulationSettingsView.swift"; sourceTree = SOURCE_ROOT; };
1068D9568E4D2D03C6031ABC = { isa = PBXFileReference; lastKnownFileType = sourcecode.swift; path = "Sources/CircuitStudio/StudioCommands.swift"; sourceTree = SOURCE_ROOT; };
BEE931E26990F6713EBAC351 = { isa = PBXFileReference; lastKnownFileType = sourcecode.swift; path = "Sources/CircuitStudio/WaveformView.swift"; sourceTree = SOURCE_ROOT; };
2A0EB3FF10DA3AE7C790296B = { isa = PBXFileReference; lastKnownFileType = sourcecode.swift; path = "Sources/CircuitStudio/WorkspaceView.swift"; sourceTree = SOURCE_ROOT; };
3685E330EC5277A9DD5661C6 = { isa = PBXFileReference; lastKnownFileType = folder.assetcatalog; path = "Resources/Assets.xcassets"; sourceTree = SOURCE_ROOT; };
23457129B871D690A3B4D86A = { isa = PBXFileReference; lastKnownFileType = text; path = "Resources/ngspice-COPYING.txt"; sourceTree = SOURCE_ROOT; };
96ED5C5789B174A01557791C = { isa = PBXFileReference; lastKnownFileType = text.xml; path = "Resources/PrivacyInfo.xcprivacy"; sourceTree = SOURCE_ROOT; };
ED378DA3482C8BBB11DC167B = { isa = PBXFileReference; lastKnownFileType = text; path = "Resources/Sparkle-LICENSE.txt"; sourceTree = SOURCE_ROOT; };
6E338B2EC5DE11F90D7E1112 = { isa = PBXFileReference; lastKnownFileType = text; path = "LICENSE"; sourceTree = SOURCE_ROOT; };
7C05204DCFAF173D8B1E2CDD = { isa = PBXFileReference; lastKnownFileType = wrapper.xcframework; path = Vendor/ngspice/NgSpice.xcframework; sourceTree = SOURCE_ROOT; };
C840D118DAEAC8FCE5A8BBF6 = { isa = PBXFileReference; lastKnownFileType = wrapper.framework; path = Vendor/Sparkle/Sparkle.framework; sourceTree = SOURCE_ROOT; };
4C02B1B7E8D90A8493F7745B = { isa = PBXFileReference; lastKnownFileType = text.xcconfig; path = Release/Release.xcconfig; sourceTree = SOURCE_ROOT; };
E7B1BFA482251F04722B6837 = { isa = PBXFileReference; lastKnownFileType = text.plist.entitlements; path = Resources/CircuitStudio.macOS.entitlements; sourceTree = SOURCE_ROOT; };
B4B6F82B7F3EB1E56A2B817E = { isa = PBXFileReference; explicitFileType = wrapper.application; path = CircuitStudio.app; sourceTree = BUILT_PRODUCTS_DIR; };
7C20F4C437EA16E2758B7D91 = { isa = PBXBuildFile; fileRef = EC7DCD7C9562881A771DE0E6; };
FCA418E260D01E7532D9A8A0 = { isa = PBXBuildFile; fileRef = AC53EC905D0412A08A14C9F2; };
80175E31F7BE01E1D1B1E577 = { isa = PBXBuildFile; fileRef = 92B76311FF3F0934F12F079C; };
BF5522AAD47A32FEAC7609E5 = { isa = PBXBuildFile; fileRef = FE6D3113F3D5C9A6FA615AD9; };
03A75A1619D038D4572486D6 = { isa = PBXBuildFile; fileRef = 993521C12116BF32C1135F37; };
B4336EC7D839B0115E27BC79 = { isa = PBXBuildFile; fileRef = CADD910906EB2A0E8089419F; };
0641174284057837D8022A88 = { isa = PBXBuildFile; fileRef = 4D1C7D5226CF836A595AAED8; };
F812CC9F8ECFB85293D218A4 = { isa = PBXBuildFile; fileRef = E624C089E16AB9A654BC4A20; };
9FFA6816F076E17DC45290A8 = { isa = PBXBuildFile; fileRef = 1DEB74E872C0B276FAF1F219; };
1C57AF6EFE1BB1458AE67768 = { isa = PBXBuildFile; fileRef = 289A1327CB7F20A36A42A88F; };
72C78AFE01BFD6128A0A1F5B = { isa = PBXBuildFile; fileRef = 1560EA5F5B349C4725B85BAD; };
D33506EE4562F1C8B884AFB9 = { isa = PBXBuildFile; fileRef = 9A42E9A5DD5C87544D2A32E3; };
6946D0B24FE506A60D1048C8 = { isa = PBXBuildFile; fileRef = FE6F605D12BFF90BCB7E6115; };
32C07109CAB6A85C8AE2D07C = { isa = PBXBuildFile; fileRef = AAAF690368539242FE66D0E0; };
D1B0B5858FF4DB611445F6D3 = { isa = PBXBuildFile; fileRef = B486017528EE1B67DAA61BB0; };
3BB305876BC7AA6CC093E526 = { isa = PBXBuildFile; fileRef = 8831A84DEBC87193846780D6; };
4014F6F59E1202BA34769E56 = { isa = PBXBuildFile; fileRef = 9E23475D4800A5F2970CE802; };
E36263E8DFD607036C7CE102 = { isa = PBXBuildFile; fileRef = A4CC52DB0B3BD7531DCB5A11; };
168075512B2CF56CCB1797E5 = { isa = PBXBuildFile; fileRef = 6729C486AA5FBD9FD5443565; };
67F8CE4A55CCFBE908470222 = { isa = PBXBuildFile; fileRef = 841EBBC5E07B9EA05E82D652; };
A1D54B2354A014537A052FA4 = { isa = PBXBuildFile; fileRef = 42FC101872BD9F654B7D6F6E; };
85A6293C8C6CB7575EC222A5 = { isa = PBXBuildFile; fileRef = 02BCEC8AB9168029677A1D96; };
B3FC98331662AC92017651F5 = { isa = PBXBuildFile; fileRef = 1950ABD8B1297C939EE3410C; };
EE793CA475DFE36963259DEF = { isa = PBXBuildFile; fileRef = F0D7F39006B1A2C17C2D075B; };
014F5303626C1962CCB9DF64 = { isa = PBXBuildFile; fileRef = F0EF9D102ED0E8AB39118F6C; };
BEA26DA2522D28863C2BF1BE = { isa = PBXBuildFile; fileRef = 1068D9568E4D2D03C6031ABC; };
F00962D261026BE717932EA3 = { isa = PBXBuildFile; fileRef = BEE931E26990F6713EBAC351; };
12103B10D07F95C2D8BA23A8 = { isa = PBXBuildFile; fileRef = 2A0EB3FF10DA3AE7C790296B; };
A143FAC8FDE4184C4AF8E776 = { isa = PBXSourcesBuildPhase; buildActionMask = 2147483647; files = (7C20F4C437EA16E2758B7D91,FCA418E260D01E7532D9A8A0,80175E31F7BE01E1D1B1E577,BF5522AAD47A32FEAC7609E5,03A75A1619D038D4572486D6,B4336EC7D839B0115E27BC79,0641174284057837D8022A88,F812CC9F8ECFB85293D218A4,9FFA6816F076E17DC45290A8,1C57AF6EFE1BB1458AE67768,72C78AFE01BFD6128A0A1F5B,D33506EE4562F1C8B884AFB9,6946D0B24FE506A60D1048C8,32C07109CAB6A85C8AE2D07C,D1B0B5858FF4DB611445F6D3,3BB305876BC7AA6CC093E526,4014F6F59E1202BA34769E56,E36263E8DFD607036C7CE102,168075512B2CF56CCB1797E5,67F8CE4A55CCFBE908470222,A1D54B2354A014537A052FA4,85A6293C8C6CB7575EC222A5,B3FC98331662AC92017651F5,EE793CA475DFE36963259DEF,014F5303626C1962CCB9DF64,BEA26DA2522D28863C2BF1BE,F00962D261026BE717932EA3,12103B10D07F95C2D8BA23A8); runOnlyForDeploymentPostprocessing = 0; };
8A549B62D62E50240B00417E = { isa = PBXBuildFile; fileRef = 7C05204DCFAF173D8B1E2CDD; };
FAB513C052F21F1F446D2B32 = { isa = PBXBuildFile; fileRef = C840D118DAEAC8FCE5A8BBF6; platformFilter = macos; };
4C5AAFC14B0493E517D8F9A8 = { isa = PBXFrameworksBuildPhase; buildActionMask = 2147483647; files = (8A549B62D62E50240B00417E,FAB513C052F21F1F446D2B32); runOnlyForDeploymentPostprocessing = 0; };
9467F61D98D7F1CADE4D50A7 = { isa = PBXBuildFile; fileRef = 3685E330EC5277A9DD5661C6; };
ABCF9B9FF0EB90322C1913CD = { isa = PBXBuildFile; fileRef = 23457129B871D690A3B4D86A; };
675B04FA3A71F7F16BBBE474 = { isa = PBXBuildFile; fileRef = 96ED5C5789B174A01557791C; };
1588917BAA52F3232CC446BA = { isa = PBXBuildFile; fileRef = ED378DA3482C8BBB11DC167B; };
DF341A0A6B4A0E99B169AFF7 = { isa = PBXBuildFile; fileRef = 6E338B2EC5DE11F90D7E1112; };
2615439E76AA41231650FD66 = { isa = PBXResourcesBuildPhase; buildActionMask = 2147483647; files = (9467F61D98D7F1CADE4D50A7,ABCF9B9FF0EB90322C1913CD,675B04FA3A71F7F16BBBE474,1588917BAA52F3232CC446BA,DF341A0A6B4A0E99B169AFF7); runOnlyForDeploymentPostprocessing = 0; };
8B404203EAAC1D8723EED02B = { isa = PBXBuildFile; fileRef = C840D118DAEAC8FCE5A8BBF6; platformFilter = macos; settings = {ATTRIBUTES = (CodeSignOnCopy, RemoveHeadersOnCopy);}; };
C0B83259684A384818C47DD8 = { isa = PBXCopyFilesBuildPhase; buildActionMask = 2147483647; dstPath = ""; dstSubfolderSpec = 10; files = (8B404203EAAC1D8723EED02B); runOnlyForDeploymentPostprocessing = 0; };
20A8914F62D390221E9EDC99 = { isa = XCBuildConfiguration; baseConfigurationReference = 4C02B1B7E8D90A8493F7745B; buildSettings = {"PRODUCT_NAME" = "CircuitStudio"; "SWIFT_VERSION" = "6.0"; "SWIFT_STRICT_CONCURRENCY" = "complete"; "MACOSX_DEPLOYMENT_TARGET" = "26.0"; "IPHONEOS_DEPLOYMENT_TARGET" = "26.0"; "SUPPORTS_MACCATALYST" = "NO"; "TARGETED_DEVICE_FAMILY" = "1,2"; "INFOPLIST_FILE" = "Resources/Info.plist"; "GENERATE_INFOPLIST_FILE" = "NO"; "CODE_SIGN_STYLE" = "Automatic"; "ASSETCATALOG_COMPILER_APPICON_NAME" = "AppIcon"; "CLANG_ENABLE_MODULES" = "YES"; "SWIFT_EMIT_LOC_STRINGS" = "YES"; "ENABLE_HARDENED_RUNTIME" = "YES"; "OTHER_LDFLAGS" = "$(inherited) -lc++"; "FRAMEWORK_SEARCH_PATHS[sdk=macosx*]" = "$(inherited) $(SRCROOT)/Vendor/Sparkle"; "LD_RUNPATH_SEARCH_PATHS[sdk=macosx*]" = "$(inherited) @executable_path/../Frameworks"; "ENABLE_APP_SANDBOX[sdk=macosx*]" = "YES"; "CODE_SIGN_ENTITLEMENTS[sdk=macosx*]" = "Resources/CircuitStudio.Direct.entitlements"; "ENABLE_USER_SELECTED_FILES" = "readwrite"; "DEAD_CODE_STRIPPING" = "YES"; "SDKROOT" = "auto"; "SUPPORTED_PLATFORMS" = "macosx iphoneos iphonesimulator"; "SWIFT_OPTIMIZATION_LEVEL" = "-Onone"; "SWIFT_COMPILATION_MODE" = "incremental"; "SWIFT_ACTIVE_COMPILATION_CONDITIONS" = "DEBUG "; "DEBUG_INFORMATION_FORMAT" = "dwarf"; "SKIP_INSTALL" = "NO"; "INFOPLIST_FILE[sdk=macosx*]" = "Resources/Info.Direct.plist";}; name = Debug; };
BCFC08A5F3799C3B9C80E4EC = { isa = XCBuildConfiguration; baseConfigurationReference = 4C02B1B7E8D90A8493F7745B; buildSettings = {"PRODUCT_NAME" = "CircuitStudio"; "SWIFT_VERSION" = "6.0"; "SWIFT_STRICT_CONCURRENCY" = "complete"; "MACOSX_DEPLOYMENT_TARGET" = "26.0"; "IPHONEOS_DEPLOYMENT_TARGET" = "26.0"; "SUPPORTS_MACCATALYST" = "NO"; "TARGETED_DEVICE_FAMILY" = "1,2"; "INFOPLIST_FILE" = "Resources/Info.plist"; "GENERATE_INFOPLIST_FILE" = "NO"; "CODE_SIGN_STYLE" = "Automatic"; "ASSETCATALOG_COMPILER_APPICON_NAME" = "AppIcon"; "CLANG_ENABLE_MODULES" = "YES"; "SWIFT_EMIT_LOC_STRINGS" = "YES"; "ENABLE_HARDENED_RUNTIME" = "YES"; "OTHER_LDFLAGS" = "$(inherited) -lc++"; "FRAMEWORK_SEARCH_PATHS[sdk=macosx*]" = "$(inherited) $(SRCROOT)/Vendor/Sparkle"; "LD_RUNPATH_SEARCH_PATHS[sdk=macosx*]" = "$(inherited) @executable_path/../Frameworks"; "ENABLE_APP_SANDBOX[sdk=macosx*]" = "YES"; "CODE_SIGN_ENTITLEMENTS[sdk=macosx*]" = "Resources/CircuitStudio.Direct.entitlements"; "ENABLE_USER_SELECTED_FILES" = "readwrite"; "DEAD_CODE_STRIPPING" = "YES"; "SDKROOT" = "auto"; "SUPPORTED_PLATFORMS" = "macosx iphoneos iphonesimulator"; "SWIFT_OPTIMIZATION_LEVEL" = "-O"; "SWIFT_COMPILATION_MODE" = "wholemodule"; "SWIFT_ACTIVE_COMPILATION_CONDITIONS" = ""; "DEBUG_INFORMATION_FORMAT" = "dwarf-with-dsym"; "SKIP_INSTALL" = "NO"; "INFOPLIST_FILE[sdk=macosx*]" = "Resources/Info.Direct.plist";}; name = Release; };
EE7BB2C538F66873CD37FC69 = { isa = XCConfigurationList; buildConfigurations = (20A8914F62D390221E9EDC99,BCFC08A5F3799C3B9C80E4EC); defaultConfigurationIsVisible = 0; defaultConfigurationName = Release; };
89328D50443AE90BA5AC867A = { isa = PBXNativeTarget; buildConfigurationList = EE7BB2C538F66873CD37FC69; buildPhases = (A143FAC8FDE4184C4AF8E776,4C5AAFC14B0493E517D8F9A8,2615439E76AA41231650FD66,C0B83259684A384818C47DD8); buildRules = (); dependencies = (); name = CircuitStudio; productName = CircuitStudio; productReference = B4B6F82B7F3EB1E56A2B817E; productType = "com.apple.product-type.application"; };
CA2BD10C7A58CD022063BAD6 = { isa = PBXFileReference; explicitFileType = wrapper.application; path = CircuitStudio.app; sourceTree = BUILT_PRODUCTS_DIR; };
B1D92DCBC15D9FFF985FD4E1 = { isa = PBXBuildFile; fileRef = EC7DCD7C9562881A771DE0E6; };
4CE6CF5F62111282714F427E = { isa = PBXBuildFile; fileRef = AC53EC905D0412A08A14C9F2; };
03655A61C90B727E9D5D9F86 = { isa = PBXBuildFile; fileRef = 92B76311FF3F0934F12F079C; };
467A0C162F17EA88D9AEDAC4 = { isa = PBXBuildFile; fileRef = FE6D3113F3D5C9A6FA615AD9; };
91D051F431AAD68101745B6F = { isa = PBXBuildFile; fileRef = 993521C12116BF32C1135F37; };
91045D27CA0C64F8AEA418FA = { isa = PBXBuildFile; fileRef = CADD910906EB2A0E8089419F; };
7EF9EAFBE652D57AD5F77A2D = { isa = PBXBuildFile; fileRef = 4D1C7D5226CF836A595AAED8; };
48AC901E3CAF0E6C1D20B9DF = { isa = PBXBuildFile; fileRef = E624C089E16AB9A654BC4A20; };
62766682D603B002A2B4B02B = { isa = PBXBuildFile; fileRef = 1DEB74E872C0B276FAF1F219; };
2D9D6992805764A3B8979ECC = { isa = PBXBuildFile; fileRef = 289A1327CB7F20A36A42A88F; };
D541868B84BD95C8D0AD86E1 = { isa = PBXBuildFile; fileRef = 1560EA5F5B349C4725B85BAD; };
DCAE196C814C8A218C8A5624 = { isa = PBXBuildFile; fileRef = 9A42E9A5DD5C87544D2A32E3; };
708888F4F7712E1244833A64 = { isa = PBXBuildFile; fileRef = FE6F605D12BFF90BCB7E6115; };
465E11403B450FB98C831587 = { isa = PBXBuildFile; fileRef = AAAF690368539242FE66D0E0; };
D8410FBEE7893D324AF58A38 = { isa = PBXBuildFile; fileRef = B486017528EE1B67DAA61BB0; };
4935EE908E87839B8AB1AE6C = { isa = PBXBuildFile; fileRef = 8831A84DEBC87193846780D6; };
B921D822F806AA9E3E23CE5E = { isa = PBXBuildFile; fileRef = 9E23475D4800A5F2970CE802; };
7AFA7E2813E4ACB3B47C0815 = { isa = PBXBuildFile; fileRef = A4CC52DB0B3BD7531DCB5A11; };
E4FA86F380D49B3857EE7283 = { isa = PBXBuildFile; fileRef = 6729C486AA5FBD9FD5443565; };
73FD2512B60114BDDE33712E = { isa = PBXBuildFile; fileRef = 841EBBC5E07B9EA05E82D652; };
AFB22F6748B75A60789459AD = { isa = PBXBuildFile; fileRef = 42FC101872BD9F654B7D6F6E; };
698C7BA35DACDBE63A5530D1 = { isa = PBXBuildFile; fileRef = 02BCEC8AB9168029677A1D96; };
4E759886F46A479F1FBB5D8C = { isa = PBXBuildFile; fileRef = 1950ABD8B1297C939EE3410C; };
F5800411A0249CFAF21E8E64 = { isa = PBXBuildFile; fileRef = F0D7F39006B1A2C17C2D075B; };
6B7CC05474E30F96E35A1DA3 = { isa = PBXBuildFile; fileRef = F0EF9D102ED0E8AB39118F6C; };
D2A7040BBF44FEB6BFE8BD74 = { isa = PBXBuildFile; fileRef = 1068D9568E4D2D03C6031ABC; };
F756A1E35BFF939627E85706 = { isa = PBXBuildFile; fileRef = BEE931E26990F6713EBAC351; };
155F227ABD2E1E243CD94DC7 = { isa = PBXBuildFile; fileRef = 2A0EB3FF10DA3AE7C790296B; };
271526D7CE6D71441B781680 = { isa = PBXSourcesBuildPhase; buildActionMask = 2147483647; files = (B1D92DCBC15D9FFF985FD4E1,4CE6CF5F62111282714F427E,03655A61C90B727E9D5D9F86,467A0C162F17EA88D9AEDAC4,91D051F431AAD68101745B6F,91045D27CA0C64F8AEA418FA,7EF9EAFBE652D57AD5F77A2D,48AC901E3CAF0E6C1D20B9DF,62766682D603B002A2B4B02B,2D9D6992805764A3B8979ECC,D541868B84BD95C8D0AD86E1,DCAE196C814C8A218C8A5624,708888F4F7712E1244833A64,465E11403B450FB98C831587,D8410FBEE7893D324AF58A38,4935EE908E87839B8AB1AE6C,B921D822F806AA9E3E23CE5E,7AFA7E2813E4ACB3B47C0815,E4FA86F380D49B3857EE7283,73FD2512B60114BDDE33712E,AFB22F6748B75A60789459AD,698C7BA35DACDBE63A5530D1,4E759886F46A479F1FBB5D8C,F5800411A0249CFAF21E8E64,6B7CC05474E30F96E35A1DA3,D2A7040BBF44FEB6BFE8BD74,F756A1E35BFF939627E85706,155F227ABD2E1E243CD94DC7); runOnlyForDeploymentPostprocessing = 0; };
5DDF128944686D1516C58C48 = { isa = PBXBuildFile; fileRef = 7C05204DCFAF173D8B1E2CDD; };
E836DBAACB7DA8F1690703B8 = { isa = PBXFrameworksBuildPhase; buildActionMask = 2147483647; files = (5DDF128944686D1516C58C48); runOnlyForDeploymentPostprocessing = 0; };
702BE5DF6386966711089598 = { isa = PBXBuildFile; fileRef = 3685E330EC5277A9DD5661C6; };
521780D03EBDD844B3BFC991 = { isa = PBXBuildFile; fileRef = 23457129B871D690A3B4D86A; };
E93C3BF5C2B3094805388451 = { isa = PBXBuildFile; fileRef = 96ED5C5789B174A01557791C; };
06720C0515CB1A7BCBEA2934 = { isa = PBXBuildFile; fileRef = ED378DA3482C8BBB11DC167B; };
51A004400CD19557FEC84AAC = { isa = PBXBuildFile; fileRef = 6E338B2EC5DE11F90D7E1112; };
6503AE569427514DFCE34A6E = { isa = PBXResourcesBuildPhase; buildActionMask = 2147483647; files = (702BE5DF6386966711089598,521780D03EBDD844B3BFC991,E93C3BF5C2B3094805388451,06720C0515CB1A7BCBEA2934,51A004400CD19557FEC84AAC); runOnlyForDeploymentPostprocessing = 0; };
156B778D86EC4B6A606D1AA4 = { isa = XCBuildConfiguration; baseConfigurationReference = 4C02B1B7E8D90A8493F7745B; buildSettings = {"PRODUCT_NAME" = "CircuitStudio"; "SWIFT_VERSION" = "6.0"; "SWIFT_STRICT_CONCURRENCY" = "complete"; "MACOSX_DEPLOYMENT_TARGET" = "26.0"; "IPHONEOS_DEPLOYMENT_TARGET" = "26.0"; "SUPPORTS_MACCATALYST" = "NO"; "TARGETED_DEVICE_FAMILY" = "1,2"; "INFOPLIST_FILE" = "Resources/Info.plist"; "GENERATE_INFOPLIST_FILE" = "NO"; "CODE_SIGN_STYLE" = "Automatic"; "ASSETCATALOG_COMPILER_APPICON_NAME" = "AppIcon"; "CLANG_ENABLE_MODULES" = "YES"; "SWIFT_EMIT_LOC_STRINGS" = "YES"; "ENABLE_HARDENED_RUNTIME" = "YES"; "OTHER_LDFLAGS" = "$(inherited) -lc++"; "FRAMEWORK_SEARCH_PATHS[sdk=macosx*]" = "$(inherited) $(SRCROOT)/Vendor/Sparkle"; "LD_RUNPATH_SEARCH_PATHS[sdk=macosx*]" = "$(inherited) @executable_path/../Frameworks"; "ENABLE_APP_SANDBOX[sdk=macosx*]" = "YES"; "CODE_SIGN_ENTITLEMENTS[sdk=macosx*]" = "Resources/CircuitStudio.macOS.entitlements"; "ENABLE_USER_SELECTED_FILES" = "readwrite"; "DEAD_CODE_STRIPPING" = "YES"; "SDKROOT" = "macosx"; "SUPPORTED_PLATFORMS" = "macosx"; "SWIFT_OPTIMIZATION_LEVEL" = "-Onone"; "SWIFT_COMPILATION_MODE" = "incremental"; "SWIFT_ACTIVE_COMPILATION_CONDITIONS" = "DEBUG APP_STORE"; "DEBUG_INFORMATION_FORMAT" = "dwarf"; "SKIP_INSTALL" = "NO";}; name = Debug; };
DE2C3E28B46A6D6DF14E1936 = { isa = XCBuildConfiguration; baseConfigurationReference = 4C02B1B7E8D90A8493F7745B; buildSettings = {"PRODUCT_NAME" = "CircuitStudio"; "SWIFT_VERSION" = "6.0"; "SWIFT_STRICT_CONCURRENCY" = "complete"; "MACOSX_DEPLOYMENT_TARGET" = "26.0"; "IPHONEOS_DEPLOYMENT_TARGET" = "26.0"; "SUPPORTS_MACCATALYST" = "NO"; "TARGETED_DEVICE_FAMILY" = "1,2"; "INFOPLIST_FILE" = "Resources/Info.plist"; "GENERATE_INFOPLIST_FILE" = "NO"; "CODE_SIGN_STYLE" = "Automatic"; "ASSETCATALOG_COMPILER_APPICON_NAME" = "AppIcon"; "CLANG_ENABLE_MODULES" = "YES"; "SWIFT_EMIT_LOC_STRINGS" = "YES"; "ENABLE_HARDENED_RUNTIME" = "YES"; "OTHER_LDFLAGS" = "$(inherited) -lc++"; "FRAMEWORK_SEARCH_PATHS[sdk=macosx*]" = "$(inherited) $(SRCROOT)/Vendor/Sparkle"; "LD_RUNPATH_SEARCH_PATHS[sdk=macosx*]" = "$(inherited) @executable_path/../Frameworks"; "ENABLE_APP_SANDBOX[sdk=macosx*]" = "YES"; "CODE_SIGN_ENTITLEMENTS[sdk=macosx*]" = "Resources/CircuitStudio.macOS.entitlements"; "ENABLE_USER_SELECTED_FILES" = "readwrite"; "DEAD_CODE_STRIPPING" = "YES"; "SDKROOT" = "macosx"; "SUPPORTED_PLATFORMS" = "macosx"; "SWIFT_OPTIMIZATION_LEVEL" = "-O"; "SWIFT_COMPILATION_MODE" = "wholemodule"; "SWIFT_ACTIVE_COMPILATION_CONDITIONS" = "APP_STORE"; "DEBUG_INFORMATION_FORMAT" = "dwarf-with-dsym"; "SKIP_INSTALL" = "NO";}; name = Release; };
7FAAC1B032BB1ACB0D0C2DDD = { isa = XCConfigurationList; buildConfigurations = (156B778D86EC4B6A606D1AA4,DE2C3E28B46A6D6DF14E1936); defaultConfigurationIsVisible = 0; defaultConfigurationName = Release; };
672CBDC88E7D942160274865 = { isa = PBXNativeTarget; buildConfigurationList = 7FAAC1B032BB1ACB0D0C2DDD; buildPhases = (271526D7CE6D71441B781680,E836DBAACB7DA8F1690703B8,6503AE569427514DFCE34A6E); buildRules = (); dependencies = (); name = CircuitStudioMac; productName = CircuitStudio; productReference = CA2BD10C7A58CD022063BAD6; productType = "com.apple.product-type.application"; };
4FB9E7D2705C04D9D60BD7CE = { isa = PBXFileReference; explicitFileType = wrapper.application; path = CircuitStudio.app; sourceTree = BUILT_PRODUCTS_DIR; };
29603FED80C90224ADA9A1A5 = { isa = PBXBuildFile; fileRef = EC7DCD7C9562881A771DE0E6; };
D574D53AD635309650A8C58D = { isa = PBXBuildFile; fileRef = AC53EC905D0412A08A14C9F2; };
172A4AB5543191C4048DA84D = { isa = PBXBuildFile; fileRef = 92B76311FF3F0934F12F079C; };
A5F8B94992E71F83808DC890 = { isa = PBXBuildFile; fileRef = FE6D3113F3D5C9A6FA615AD9; };
C11559AF732041DCF1A4C00F = { isa = PBXBuildFile; fileRef = 993521C12116BF32C1135F37; };
C3DD2BB9EC44A2278520EBD2 = { isa = PBXBuildFile; fileRef = CADD910906EB2A0E8089419F; };
EB4F18E923FF7DB87BF26774 = { isa = PBXBuildFile; fileRef = 4D1C7D5226CF836A595AAED8; };
D1B454ED35BEF88ADDC43F95 = { isa = PBXBuildFile; fileRef = E624C089E16AB9A654BC4A20; };
62F31A8DF1073C87433352A8 = { isa = PBXBuildFile; fileRef = 1DEB74E872C0B276FAF1F219; };
13C96F41B948772DDC9E3689 = { isa = PBXBuildFile; fileRef = 289A1327CB7F20A36A42A88F; };
7BB638A6F343A42D532E1D52 = { isa = PBXBuildFile; fileRef = 1560EA5F5B349C4725B85BAD; };
28626705CFFDDC419C4CA60A = { isa = PBXBuildFile; fileRef = 9A42E9A5DD5C87544D2A32E3; };
71CFAAADFF3D48FCC5244692 = { isa = PBXBuildFile; fileRef = FE6F605D12BFF90BCB7E6115; };
67B495AEF2D71ED337FB6379 = { isa = PBXBuildFile; fileRef = AAAF690368539242FE66D0E0; };
CF885A068D57D4EE92C4B46B = { isa = PBXBuildFile; fileRef = B486017528EE1B67DAA61BB0; };
FF704DD411BF2A7C42F5AFC6 = { isa = PBXBuildFile; fileRef = 8831A84DEBC87193846780D6; };
32CDF2679DC59CE87B8624D1 = { isa = PBXBuildFile; fileRef = 9E23475D4800A5F2970CE802; };
3631EE651B30A14B7B98D5BF = { isa = PBXBuildFile; fileRef = A4CC52DB0B3BD7531DCB5A11; };
D68D9543CBEBE5AF7C6D879E = { isa = PBXBuildFile; fileRef = 6729C486AA5FBD9FD5443565; };
D71EEAD73EF9A3B5FE805A2D = { isa = PBXBuildFile; fileRef = 841EBBC5E07B9EA05E82D652; };
9663C013BFFF9DA8C68A0C6E = { isa = PBXBuildFile; fileRef = 42FC101872BD9F654B7D6F6E; };
1B50D00F6097E14691AE5CBE = { isa = PBXBuildFile; fileRef = 02BCEC8AB9168029677A1D96; };
6387FA9658C79B27E418FF5B = { isa = PBXBuildFile; fileRef = 1950ABD8B1297C939EE3410C; };
95AE7711D3EC75AF5EE09D86 = { isa = PBXBuildFile; fileRef = F0D7F39006B1A2C17C2D075B; };
C9DE59893830424106A08D90 = { isa = PBXBuildFile; fileRef = F0EF9D102ED0E8AB39118F6C; };
BD32AAE1DAD150BF8B763E9C = { isa = PBXBuildFile; fileRef = 1068D9568E4D2D03C6031ABC; };
1B35E572F0F846CB2D371B2E = { isa = PBXBuildFile; fileRef = BEE931E26990F6713EBAC351; };
CC69B0673914D49CCAE21831 = { isa = PBXBuildFile; fileRef = 2A0EB3FF10DA3AE7C790296B; };
31A76704791618C3780655F6 = { isa = PBXSourcesBuildPhase; buildActionMask = 2147483647; files = (29603FED80C90224ADA9A1A5,D574D53AD635309650A8C58D,172A4AB5543191C4048DA84D,A5F8B94992E71F83808DC890,C11559AF732041DCF1A4C00F,C3DD2BB9EC44A2278520EBD2,EB4F18E923FF7DB87BF26774,D1B454ED35BEF88ADDC43F95,62F31A8DF1073C87433352A8,13C96F41B948772DDC9E3689,7BB638A6F343A42D532E1D52,28626705CFFDDC419C4CA60A,71CFAAADFF3D48FCC5244692,67B495AEF2D71ED337FB6379,CF885A068D57D4EE92C4B46B,FF704DD411BF2A7C42F5AFC6,32CDF2679DC59CE87B8624D1,3631EE651B30A14B7B98D5BF,D68D9543CBEBE5AF7C6D879E,D71EEAD73EF9A3B5FE805A2D,9663C013BFFF9DA8C68A0C6E,1B50D00F6097E14691AE5CBE,6387FA9658C79B27E418FF5B,95AE7711D3EC75AF5EE09D86,C9DE59893830424106A08D90,BD32AAE1DAD150BF8B763E9C,1B35E572F0F846CB2D371B2E,CC69B0673914D49CCAE21831); runOnlyForDeploymentPostprocessing = 0; };
CE0B1B6842A1B0F93138385F = { isa = PBXBuildFile; fileRef = 7C05204DCFAF173D8B1E2CDD; };
EE27E0D468816218A1DE819C = { isa = PBXFrameworksBuildPhase; buildActionMask = 2147483647; files = (CE0B1B6842A1B0F93138385F); runOnlyForDeploymentPostprocessing = 0; };
8EEFB463A53E9EEF32806192 = { isa = PBXBuildFile; fileRef = 3685E330EC5277A9DD5661C6; };
8CE793F547101D0F882A1B10 = { isa = PBXBuildFile; fileRef = 23457129B871D690A3B4D86A; };
109B21CBC08AB8B68C484D4D = { isa = PBXBuildFile; fileRef = 96ED5C5789B174A01557791C; };
4947C2F09321D37AF8413617 = { isa = PBXBuildFile; fileRef = ED378DA3482C8BBB11DC167B; };
DE82405AA2F1966FE95A5221 = { isa = PBXBuildFile; fileRef = 6E338B2EC5DE11F90D7E1112; };
AE01EBB6133BB95FB2711708 = { isa = PBXResourcesBuildPhase; buildActionMask = 2147483647; files = (8EEFB463A53E9EEF32806192,8CE793F547101D0F882A1B10,109B21CBC08AB8B68C484D4D,4947C2F09321D37AF8413617,DE82405AA2F1966FE95A5221); runOnlyForDeploymentPostprocessing = 0; };
82125421BBA204077B6689FD = { isa = XCBuildConfiguration; baseConfigurationReference = 4C02B1B7E8D90A8493F7745B; buildSettings = {"PRODUCT_NAME" = "CircuitStudio"; "SWIFT_VERSION" = "6.0"; "SWIFT_STRICT_CONCURRENCY" = "complete"; "MACOSX_DEPLOYMENT_TARGET" = "26.0"; "IPHONEOS_DEPLOYMENT_TARGET" = "26.0"; "SUPPORTS_MACCATALYST" = "NO"; "TARGETED_DEVICE_FAMILY" = "1,2"; "INFOPLIST_FILE" = "Resources/Info.plist"; "GENERATE_INFOPLIST_FILE" = "NO"; "CODE_SIGN_STYLE" = "Automatic"; "ASSETCATALOG_COMPILER_APPICON_NAME" = "AppIcon"; "CLANG_ENABLE_MODULES" = "YES"; "SWIFT_EMIT_LOC_STRINGS" = "YES"; "ENABLE_HARDENED_RUNTIME" = "YES"; "OTHER_LDFLAGS" = "$(inherited) -lc++"; "FRAMEWORK_SEARCH_PATHS[sdk=macosx*]" = "$(inherited) $(SRCROOT)/Vendor/Sparkle"; "LD_RUNPATH_SEARCH_PATHS[sdk=macosx*]" = "$(inherited) @executable_path/../Frameworks"; "ENABLE_APP_SANDBOX[sdk=macosx*]" = "YES"; "CODE_SIGN_ENTITLEMENTS[sdk=macosx*]" = "Resources/CircuitStudio.macOS.entitlements"; "ENABLE_USER_SELECTED_FILES" = "readwrite"; "DEAD_CODE_STRIPPING" = "YES"; "SDKROOT" = "iphoneos"; "SUPPORTED_PLATFORMS" = "iphoneos iphonesimulator"; "SWIFT_OPTIMIZATION_LEVEL" = "-Onone"; "SWIFT_COMPILATION_MODE" = "incremental"; "SWIFT_ACTIVE_COMPILATION_CONDITIONS" = "DEBUG APP_STORE"; "DEBUG_INFORMATION_FORMAT" = "dwarf"; "SKIP_INSTALL" = "NO";}; name = Debug; };
E323EB7B84942A53903C3024 = { isa = XCBuildConfiguration; baseConfigurationReference = 4C02B1B7E8D90A8493F7745B; buildSettings = {"PRODUCT_NAME" = "CircuitStudio"; "SWIFT_VERSION" = "6.0"; "SWIFT_STRICT_CONCURRENCY" = "complete"; "MACOSX_DEPLOYMENT_TARGET" = "26.0"; "IPHONEOS_DEPLOYMENT_TARGET" = "26.0"; "SUPPORTS_MACCATALYST" = "NO"; "TARGETED_DEVICE_FAMILY" = "1,2"; "INFOPLIST_FILE" = "Resources/Info.plist"; "GENERATE_INFOPLIST_FILE" = "NO"; "CODE_SIGN_STYLE" = "Automatic"; "ASSETCATALOG_COMPILER_APPICON_NAME" = "AppIcon"; "CLANG_ENABLE_MODULES" = "YES"; "SWIFT_EMIT_LOC_STRINGS" = "YES"; "ENABLE_HARDENED_RUNTIME" = "YES"; "OTHER_LDFLAGS" = "$(inherited) -lc++"; "FRAMEWORK_SEARCH_PATHS[sdk=macosx*]" = "$(inherited) $(SRCROOT)/Vendor/Sparkle"; "LD_RUNPATH_SEARCH_PATHS[sdk=macosx*]" = "$(inherited) @executable_path/../Frameworks"; "ENABLE_APP_SANDBOX[sdk=macosx*]" = "YES"; "CODE_SIGN_ENTITLEMENTS[sdk=macosx*]" = "Resources/CircuitStudio.macOS.entitlements"; "ENABLE_USER_SELECTED_FILES" = "readwrite"; "DEAD_CODE_STRIPPING" = "YES"; "SDKROOT" = "iphoneos"; "SUPPORTED_PLATFORMS" = "iphoneos iphonesimulator"; "SWIFT_OPTIMIZATION_LEVEL" = "-O"; "SWIFT_COMPILATION_MODE" = "wholemodule"; "SWIFT_ACTIVE_COMPILATION_CONDITIONS" = "APP_STORE"; "DEBUG_INFORMATION_FORMAT" = "dwarf-with-dsym"; "SKIP_INSTALL" = "NO";}; name = Release; };
900740BBE781080808037910 = { isa = XCConfigurationList; buildConfigurations = (82125421BBA204077B6689FD,E323EB7B84942A53903C3024); defaultConfigurationIsVisible = 0; defaultConfigurationName = Release; };
514E95F6B693F3437C5199BB = { isa = PBXNativeTarget; buildConfigurationList = 900740BBE781080808037910; buildPhases = (31A76704791618C3780655F6,EE27E0D468816218A1DE819C,AE01EBB6133BB95FB2711708); buildRules = (); dependencies = (); name = CircuitStudioMobile; productName = CircuitStudio; productReference = 4FB9E7D2705C04D9D60BD7CE; productType = "com.apple.product-type.application"; };
FBDC4F23F93125BBEEAE800C = { isa = PBXGroup; children = (B4B6F82B7F3EB1E56A2B817E,CA2BD10C7A58CD022063BAD6,4FB9E7D2705C04D9D60BD7CE); name = Products; sourceTree = "<group>"; };
B28B7AF69320201D1CF206EB = { isa = PBXGroup; children = (EC7DCD7C9562881A771DE0E6,AC53EC905D0412A08A14C9F2,92B76311FF3F0934F12F079C,FE6D3113F3D5C9A6FA615AD9,993521C12116BF32C1135F37,CADD910906EB2A0E8089419F,4D1C7D5226CF836A595AAED8,E624C089E16AB9A654BC4A20,1DEB74E872C0B276FAF1F219,289A1327CB7F20A36A42A88F,1560EA5F5B349C4725B85BAD,9A42E9A5DD5C87544D2A32E3,FE6F605D12BFF90BCB7E6115,AAAF690368539242FE66D0E0,B486017528EE1B67DAA61BB0,8831A84DEBC87193846780D6,9E23475D4800A5F2970CE802,A4CC52DB0B3BD7531DCB5A11,6729C486AA5FBD9FD5443565,841EBBC5E07B9EA05E82D652,42FC101872BD9F654B7D6F6E,02BCEC8AB9168029677A1D96,1950ABD8B1297C939EE3410C,F0D7F39006B1A2C17C2D075B,F0EF9D102ED0E8AB39118F6C,1068D9568E4D2D03C6031ABC,BEE931E26990F6713EBAC351,2A0EB3FF10DA3AE7C790296B,3685E330EC5277A9DD5661C6,23457129B871D690A3B4D86A,96ED5C5789B174A01557791C,ED378DA3482C8BBB11DC167B,6E338B2EC5DE11F90D7E1112,7C05204DCFAF173D8B1E2CDD,C840D118DAEAC8FCE5A8BBF6,4C02B1B7E8D90A8493F7745B,E7B1BFA482251F04722B6837,FBDC4F23F93125BBEEAE800C); sourceTree = "<group>"; };
AB52CB08E0FDF02BF6C67C33 = { isa = XCBuildConfiguration; buildSettings = {CLANG_ENABLE_MODULES = YES;}; name = Debug; };
5283471FF90C511CFE244FFF = { isa = XCBuildConfiguration; buildSettings = {CLANG_ENABLE_MODULES = YES;}; name = Release; };
4BA304E783CFBB9FA6E56552 = { isa = XCConfigurationList; buildConfigurations = (AB52CB08E0FDF02BF6C67C33,5283471FF90C511CFE244FFF); defaultConfigurationIsVisible = 0; defaultConfigurationName = Release; };
98F54143AB4E86B28C3AFEE0 = { isa = PBXProject; attributes = {LastUpgradeCheck = 2700; BuildIndependentTargetsInParallel = YES;}; buildConfigurationList = 4BA304E783CFBB9FA6E56552; compatibilityVersion = "Xcode 16.0"; developmentRegion = en; knownRegions = (en,Base); mainGroup = B28B7AF69320201D1CF206EB; productRefGroup = FBDC4F23F93125BBEEAE800C; projectDirPath = ""; projectRoot = ""; targets = (89328D50443AE90BA5AC867A,672CBDC88E7D942160274865,514E95F6B693F3437C5199BB); };
}; rootObject = 98F54143AB4E86B28C3AFEE0; }
